
Microsoft Visual Studio Solution File, Format Version 11.00
# Visual Studio 2010
Project("{FAE04EC0-301F-11D3-BF4B-00C04F79EFBC}") = "JsonExample", "JsonExample\JsonExample.csproj", "{D2783884-CA76-46AE-B12A-0D53163C1014}"
EndProject
Project("{FAE04EC0-301F-11D3-BF4B-00C04F79EFBC}") = "KloutAPI", "..\KloutAPI.csproj", "{4F6BDAC4-E978-4C94-892A-3A7D5A40F430}"
EndProject
Global
	GlobalSection(SolutionConfigurationPlatforms) = preSolution
		Debug|iPhoneSimulator = Debug|iPhoneSimulator
		Release|iPhoneSimulator = Release|iPhoneSimulator
		Debug|iPhone = Debug|iPhone
		Release|iPhone = Release|iPhone
		Ad-Hoc|iPhone = Ad-Hoc|iPhone
		AppStore|iPhone = AppStore|iPhone
	EndGlobalSection
	GlobalSection(ProjectConfigurationPlatforms) = postSolution
		{4F6BDAC4-E978-4C94-892A-3A7D5A40F430}.Ad-Hoc|iPhone.ActiveCfg = Debug|Any CPU
		{4F6BDAC4-E978-4C94-892A-3A7D5A40F430}.Ad-Hoc|iPhone.Build.0 = Debug|Any CPU
		{4F6BDAC4-E978-4C94-892A-3A7D5A40F430}.AppStore|iPhone.ActiveCfg = Debug|Any CPU
		{4F6BDAC4-E978-4C94-892A-3A7D5A40F430}.AppStore|iPhone.Build.0 = Debug|Any CPU
		{4F6BDAC4-E978-4C94-892A-3A7D5A40F430}.Debug|iPhone.ActiveCfg = Debug|Any CPU
		{4F6BDAC4-E978-4C94-892A-3A7D5A40F430}.Debug|iPhone.Build.0 = Debug|Any CPU
		{4F6BDAC4-E978-4C94-892A-3A7D5A40F430}.Debug|iPhoneSimulator.ActiveCfg = Debug|Any CPU
		{4F6BDAC4-E978-4C94-892A-3A7D5A40F430}.Debug|iPhoneSimulator.Build.0 = Debug|Any CPU
		{4F6BDAC4-E978-4C94-892A-3A7D5A40F430}.Release|iPhone.ActiveCfg = Release|Any CPU
		{4F6BDAC4-E978-4C94-892A-3A7D5A40F430}.Release|iPhone.Build.0 = Release|Any CPU
		{4F6BDAC4-E978-4C94-892A-3A7D5A40F430}.Release|iPhoneSimulator.ActiveCfg = Release|Any CPU
		{4F6BDAC4-E978-4C94-892A-3A7D5A40F430}.Release|iPhoneSimulator.Build.0 = Release|Any CPU
		{D2783884-CA76-46AE-B12A-0D53163C1014}.Ad-Hoc|iPhone.ActiveCfg = Ad-Hoc|iPhone
		{D2783884-CA76-46AE-B12A-0D53163C1014}.Ad-Hoc|iPhone.Build.0 = Ad-Hoc|iPhone
		{D2783884-CA76-46AE-B12A-0D53163C1014}.AppStore|iPhone.ActiveCfg = AppStore|iPhone
		{D2783884-CA76-46AE-B12A-0D53163C1014}.AppStore|iPhone.Build.0 = AppStore|iPhone
		{D2783884-CA76-46AE-B12A-0D53163C1014}.Debug|iPhone.ActiveCfg = Debug|iPhone
		{D2783884-CA76-46AE-B12A-0D53163C1014}.Debug|iPhone.Build.0 = Debug|iPhone
		{D2783884-CA76-46AE-B12A-0D53163C1014}.Debug|iPhoneSimulator.ActiveCfg = Debug|iPhoneSimulator
		{D2783884-CA76-46AE-B12A-0D53163C1014}.Debug|iPhoneSimulator.Build.0 = Debug|iPhoneSimulator
		{D2783884-CA76-46AE-B12A-0D53163C1014}.Release|iPhone.ActiveCfg = Release|iPhone
		{D2783884-CA76-46AE-B12A-0D53163C1014}.Release|iPhone.Build.0 = Release|iPhone
		{D2783884-CA76-46AE-B12A-0D53163C1014}.Release|iPhoneSimulator.ActiveCfg = Release|iPhoneSimulator
		{D2783884-CA76-46AE-B12A-0D53163C1014}.Release|iPhoneSimulator.Build.0 = Release|iPhoneSimulator
	EndGlobalSection
	GlobalSection(MonoDevelopProperties) = preSolution
		StartupItem = JsonExample\JsonExample.csproj
	EndGlobalSection
EndGlobal
