
Microsoft Visual Studio Solution File, Format Version 11.00
# Visual Studio 2010
Project("{FAE04EC0-301F-11D3-BF4B-00C04F79EFBC}") = "KloutAPI.iOS", "KloutAPI.Core\KloutAPI.iOS.csproj", "{4F6BDAC4-E978-4C94-892A-3A7D5A40F430}"
EndProject
Project("{FAE04EC0-301F-11D3-BF4B-00C04F79EFBC}") = "KloutAPI.Demo.iOS", "KloutAPI.Demo\KloutAPI.Demo.iOS.csproj", "{AC4B7CE2-E9C7-4184-B821-B34273BB3215}"
EndProject
Global
	GlobalSection(SolutionConfigurationPlatforms) = preSolution
		Debug|Any CPU = Debug|Any CPU
		Release|Any CPU = Release|Any CPU
		Debug|iPhoneSimulator = Debug|iPhoneSimulator
		Release|iPhoneSimulator = Release|iPhoneSimulator
		Debug|iPhone = Debug|iPhone
		Release|iPhone = Release|iPhone
		Ad-Hoc|iPhone = Ad-Hoc|iPhone
		AppStore|iPhone = AppStore|iPhone
	EndGlobalSection
	GlobalSection(ProjectConfigurationPlatforms) = postSolution
		{4F6BDAC4-E978-4C94-892A-3A7D5A40F430}.Ad-Hoc|iPhone.ActiveCfg = Debug|Any CPU
		{4F6BDAC4-E978-4C94-892A-3A7D5A40F430}.Ad-Hoc|iPhone.Build.0 = Debug|Any CPU
		{4F6BDAC4-E978-4C94-892A-3A7D5A40F430}.AppStore|iPhone.ActiveCfg = Debug|Any CPU
		{4F6BDAC4-E978-4C94-892A-3A7D5A40F430}.AppStore|iPhone.Build.0 = Debug|Any CPU
		{4F6BDAC4-E978-4C94-892A-3A7D5A40F430}.Debug|Any CPU.ActiveCfg = Debug|Any CPU
		{4F6BDAC4-E978-4C94-892A-3A7D5A40F430}.Debug|Any CPU.Build.0 = Debug|Any CPU
		{4F6BDAC4-E978-4C94-892A-3A7D5A40F430}.Debug|iPhone.ActiveCfg = Debug|Any CPU
		{4F6BDAC4-E978-4C94-892A-3A7D5A40F430}.Debug|iPhone.Build.0 = Debug|Any CPU
		{4F6BDAC4-E978-4C94-892A-3A7D5A40F430}.Debug|iPhoneSimulator.ActiveCfg = Debug|Any CPU
		{4F6BDAC4-E978-4C94-892A-3A7D5A40F430}.Debug|iPhoneSimulator.Build.0 = Debug|Any CPU
		{4F6BDAC4-E978-4C94-892A-3A7D5A40F430}.Release|Any CPU.ActiveCfg = Release|Any CPU
		{4F6BDAC4-E978-4C94-892A-3A7D5A40F430}.Release|Any CPU.Build.0 = Release|Any CPU
		{4F6BDAC4-E978-4C94-892A-3A7D5A40F430}.Release|iPhone.ActiveCfg = Release|Any CPU
		{4F6BDAC4-E978-4C94-892A-3A7D5A40F430}.Release|iPhone.Build.0 = Release|Any CPU
		{4F6BDAC4-E978-4C94-892A-3A7D5A40F430}.Release|iPhoneSimulator.ActiveCfg = Release|Any CPU
		{4F6BDAC4-E978-4C94-892A-3A7D5A40F430}.Release|iPhoneSimulator.Build.0 = Release|Any CPU
		{AC4B7CE2-E9C7-4184-B821-B34273BB3215}.Ad-Hoc|iPhone.ActiveCfg = Ad-Hoc|iPhone
		{AC4B7CE2-E9C7-4184-B821-B34273BB3215}.Ad-Hoc|iPhone.Build.0 = Ad-Hoc|iPhone
		{AC4B7CE2-E9C7-4184-B821-B34273BB3215}.AppStore|iPhone.ActiveCfg = AppStore|iPhone
		{AC4B7CE2-E9C7-4184-B821-B34273BB3215}.AppStore|iPhone.Build.0 = AppStore|iPhone
		{AC4B7CE2-E9C7-4184-B821-B34273BB3215}.Debug|Any CPU.ActiveCfg = Debug|iPhoneSimulator
		{AC4B7CE2-E9C7-4184-B821-B34273BB3215}.Debug|Any CPU.Build.0 = Debug|iPhoneSimulator
		{AC4B7CE2-E9C7-4184-B821-B34273BB3215}.Debug|iPhone.ActiveCfg = Debug|iPhone
		{AC4B7CE2-E9C7-4184-B821-B34273BB3215}.Debug|iPhone.Build.0 = Debug|iPhone
		{AC4B7CE2-E9C7-4184-B821-B34273BB3215}.Debug|iPhoneSimulator.ActiveCfg = Debug|iPhoneSimulator
		{AC4B7CE2-E9C7-4184-B821-B34273BB3215}.Debug|iPhoneSimulator.Build.0 = Debug|iPhoneSimulator
		{AC4B7CE2-E9C7-4184-B821-B34273BB3215}.Release|Any CPU.ActiveCfg = Release|iPhoneSimulator
		{AC4B7CE2-E9C7-4184-B821-B34273BB3215}.Release|Any CPU.Build.0 = Release|iPhoneSimulator
		{AC4B7CE2-E9C7-4184-B821-B34273BB3215}.Release|iPhone.ActiveCfg = Release|iPhone
		{AC4B7CE2-E9C7-4184-B821-B34273BB3215}.Release|iPhone.Build.0 = Release|iPhone
		{AC4B7CE2-E9C7-4184-B821-B34273BB3215}.Release|iPhoneSimulator.ActiveCfg = Release|iPhoneSimulator
		{AC4B7CE2-E9C7-4184-B821-B34273BB3215}.Release|iPhoneSimulator.Build.0 = Release|iPhoneSimulator
	EndGlobalSection
	GlobalSection(MonoDevelopProperties) = preSolution
		StartupItem = KloutAPI.Demo\KloutAPI.Demo.iOS.csproj
	EndGlobalSection
EndGlobal
